// !$*UTF8*$!
{
	archiveVersion = 1;
	classes = {
	};
	objectVersion = 56;
	objects = {

/* Begin PBXBuildFile section */
		2C6E449E2A0CD330009F2109 /* AppDelegate.swift in Sources */ = {isa = PBXBuildFile; fileRef = 2C6E449D2A0CD330009F2109 /* AppDelegate.swift */; };
		2C6E44A02A0CD330009F2109 /* SceneDelegate.swift in Sources */ = {isa = PBXBuildFile; fileRef = 2C6E449F2A0CD330009F2109 /* SceneDelegate.swift */; };
		2C6E44A22A0CD330009F2109 /* LoginViewController.swift in Sources */ = {isa = PBXBuildFile; fileRef = 2C6E44A12A0CD330009F2109 /* LoginViewController.swift */; };
		2C6E44A82A0CD330009F2109 /* capston_inu_iOS.xcdatamodeld in Sources */ = {isa = PBXBuildFile; fileRef = 2C6E44A62A0CD330009F2109 /* capston_inu_iOS.xcdatamodeld */; };
		2C6E44AA2A0CD332009F2109 /* Assets.xcassets in Resources */ = {isa = PBXBuildFile; fileRef = 2C6E44A92A0CD332009F2109 /* Assets.xcassets */; };
		2C6E44AD2A0CD332009F2109 /* LaunchScreen.storyboard in Resources */ = {isa = PBXBuildFile; fileRef = 2C6E44AB2A0CD332009F2109 /* LaunchScreen.storyboard */; };
		2C6E44B82A0CD332009F2109 /* capston_inu_iOSTests.swift in Sources */ = {isa = PBXBuildFile; fileRef = 2C6E44B72A0CD332009F2109 /* capston_inu_iOSTests.swift */; };
		2C6E44C22A0CD332009F2109 /* capston_inu_iOSUITests.swift in Sources */ = {isa = PBXBuildFile; fileRef = 2C6E44C12A0CD332009F2109 /* capston_inu_iOSUITests.swift */; };
		2C6E44C42A0CD332009F2109 /* capston_inu_iOSUITestsLaunchTests.swift in Sources */ = {isa = PBXBuildFile; fileRef = 2C6E44C32A0CD332009F2109 /* capston_inu_iOSUITestsLaunchTests.swift */; };
/* End PBXBuildFile section */

/* Begin PBXContainerItemProxy section */
		2C6E44B42A0CD332009F2109 /* PBXContainerItemProxy */ = {
			isa = PBXContainerItemProxy;
			containerPortal = 2C6E44922A0CD330009F2109 /* Project object */;
			proxyType = 1;
			remoteGlobalIDString = 2C6E44992A0CD330009F2109;
			remoteInfo = "capston-inu-iOS";
		};
		2C6E44BE2A0CD332009F2109 /* PBXContainerItemProxy */ = {
			isa = PBXContainerItemProxy;
			containerPortal = 2C6E44922A0CD330009F2109 /* Project object */;
			proxyType = 1;
			remoteGlobalIDString = 2C6E44992A0CD330009F2109;
			remoteInfo = "capston-inu-iOS";
		};
/* End PBXContainerItemProxy section */

/* Begin PBXFileReference section */
		2C6E449A2A0CD330009F2109 /* capston-inu-iOS.app */ = {isa = PBXFileReference; explicitFileType = wrapper.application; includeInIndex = 0; path = "capston-inu-iOS.app"; sourceTree = BUILT_PRODUCTS_DIR; };
		2C6E449D2A0CD330009F2109 /* AppDelegate.swift */ = {isa = PBXFileReference; lastKnownFileType = sourcecode.swift; path = AppDelegate.swift; sourceTree = "<group>"; };
		2C6E449F2A0CD330009F2109 /* SceneDelegate.swift */ = {isa = PBXFileReference; lastKnownFileType = sourcecode.swift; path = SceneDelegate.swift; sourceTree = "<group>"; };
		2C6E44A12A0CD330009F2109 /* LoginViewController.swift */ = {isa = PBXFileReference; lastKnownFileType = sourcecode.swift; path = LoginViewController.swift; sourceTree = "<group>"; };
		2C6E44A72A0CD330009F2109 /* capston_inu_iOS.xcdatamodel */ = {isa = PBXFileReference; lastKnownFileType = wrapper.xcdatamodel; path = capston_inu_iOS.xcdatamodel; sourceTree = "<group>"; };
		2C6E44A92A0CD332009F2109 /* Assets.xcassets */ = {isa = PBXFileReference; lastKnownFileType = folder.assetcatalog; path = Assets.xcassets; sourceTree = "<group>"; };
		2C6E44AC2A0CD332009F2109 /* Base */ = {isa = PBXFileReference; lastKnownFileType = file.storyboard; name = Base; path = Base.lproj/LaunchScreen.storyboard; sourceTree = "<group>"; };
		2C6E44AE2A0CD332009F2109 /* Info.plist */ = {isa = PBXFileReference; lastKnownFileType = text.plist.xml; path = Info.plist; sourceTree = "<group>"; };
		2C6E44B32A0CD332009F2109 /* capston-inu-iOSTests.xctest */ = {isa = PBXFileReference; explicitFileType = wrapper.cfbundle; includeInIndex = 0; path = "capston-inu-iOSTests.xctest"; sourceTree = BUILT_PRODUCTS_DIR; };
		2C6E44B72A0CD332009F2109 /* capston_inu_iOSTests.swift */ = {isa = PBXFileReference; lastKnownFileType = sourcecode.swift; path = capston_inu_iOSTests.swift; sourceTree = "<group>"; };
		2C6E44BD2A0CD332009F2109 /* capston-inu-iOSUITests.xctest */ = {isa = PBXFileReference; explicitFileType = wrapper.cfbundle; includeInIndex = 0; path = "capston-inu-iOSUITests.xctest"; sourceTree = BUILT_PRODUCTS_DIR; };
		2C6E44C12A0CD332009F2109 /* capston_inu_iOSUITests.swift */ = {isa = PBXFileReference; lastKnownFileType = sourcecode.swift; path = capston_inu_iOSUITests.swift; sourceTree = "<group>"; };
		2C6E44C32A0CD332009F2109 /* capston_inu_iOSUITestsLaunchTests.swift */ = {isa = PBXFileReference; lastKnownFileType = sourcecode.swift; path = capston_inu_iOSUITestsLaunchTests.swift; sourceTree = "<group>"; };
/* End PBXFileReference section */

/* Begin PBXFrameworksBuildPhase section */
		2C6E44972A0CD330009F2109 /* Frameworks */ = {
			isa = PBXFrameworksBuildPhase;
			buildActionMask = 2147483647;
			files = (
			);
			runOnlyForDeploymentPostprocessing = 0;
		};
		2C6E44B02A0CD332009F2109 /* Frameworks */ = {
			isa = PBXFrameworksBuildPhase;
			buildActionMask = 2147483647;
			files = (
			);
			runOnlyForDeploymentPostprocessing = 0;
		};
		2C6E44BA2A0CD332009F2109 /* Frameworks */ = {
			isa = PBXFrameworksBuildPhase;
			buildActionMask = 2147483647;
			files = (
			);
			runOnlyForDeploymentPostprocessing = 0;
		};
/* End PBXFrameworksBuildPhase section */

/* Begin PBXGroup section */
		2C6E44912A0CD330009F2109 = {
			isa = PBXGroup;
			children = (
				2C6E449C2A0CD330009F2109 /* capston-inu-iOS */,
				2C6E44B62A0CD332009F2109 /* capston-inu-iOSTests */,
				2C6E44C02A0CD332009F2109 /* capston-inu-iOSUITests */,
				2C6E449B2A0CD330009F2109 /* Products */,
			);
			sourceTree = "<group>";
		};
		2C6E449B2A0CD330009F2109 /* Products */ = {
			isa = PBXGroup;
			children = (
				2C6E449A2A0CD330009F2109 /* capston-inu-iOS.app */,
				2C6E44B32A0CD332009F2109 /* capston-inu-iOSTests.xctest */,
				2C6E44BD2A0CD332009F2109 /* capston-inu-iOSUITests.xctest */,
			);
			name = Products;
			sourceTree = "<group>";
		};
		2C6E449C2A0CD330009F2109 /* capston-inu-iOS */ = {
			isa = PBXGroup;
			children = (
				2C6E44AE2A0CD332009F2109 /* Info.plist */,
				2C6E44D22A0CD822009F2109 /* Resource */,
				2C6E44D12A0CD81E009F2109 /* Source */,
			);
			path = "capston-inu-iOS";
			sourceTree = "<group>";
		};
		2C6E44B62A0CD332009F2109 /* capston-inu-iOSTests */ = {
			isa = PBXGroup;
			children = (
				2C6E44B72A0CD332009F2109 /* capston_inu_iOSTests.swift */,
			);
			path = "capston-inu-iOSTests";
			sourceTree = "<group>";
		};
		2C6E44C02A0CD332009F2109 /* capston-inu-iOSUITests */ = {
			isa = PBXGroup;
			children = (
				2C6E44C12A0CD332009F2109 /* capston_inu_iOSUITests.swift */,
				2C6E44C32A0CD332009F2109 /* capston_inu_iOSUITestsLaunchTests.swift */,
			);
			path = "capston-inu-iOSUITests";
			sourceTree = "<group>";
		};
		2C6E44D12A0CD81E009F2109 /* Source */ = {
			isa = PBXGroup;
			children = (
				2C6E44D32A0CD833009F2109 /* Presentation */,
				2C6E449D2A0CD330009F2109 /* AppDelegate.swift */,
				2C6E449F2A0CD330009F2109 /* SceneDelegate.swift */,
			);
			path = Source;
			sourceTree = "<group>";
		};
		2C6E44D22A0CD822009F2109 /* Resource */ = {
			isa = PBXGroup;
			children = (
				2C6E44A92A0CD332009F2109 /* Assets.xcassets */,
				2C6E44AB2A0CD332009F2109 /* LaunchScreen.storyboard */,
				2C6E44A62A0CD330009F2109 /* capston_inu_iOS.xcdatamodeld */,
			);
			path = Resource;
			sourceTree = "<group>";
		};
		2C6E44D32A0CD833009F2109 /* Presentation */ = {
			isa = PBXGroup;
			children = (
				2C6E44D62A0CD85D009F2109 /* Tab */,
				2C6E44D42A0CD851009F2109 /* Login */,
			);
			path = Presentation;
			sourceTree = "<group>";
		};
		2C6E44D42A0CD851009F2109 /* Login */ = {
			isa = PBXGroup;
			children = (
				2C6E44DA2A0CD875009F2109 /* Model */,
				2C6E44D92A0CD870009F2109 /* View */,
				2C6E44D82A0CD869009F2109 /* Reactor */,
				2C6E44D72A0CD863009F2109 /* ViewController */,
			);
			path = Login;
			sourceTree = "<group>";
		};
		2C6E44D62A0CD85D009F2109 /* Tab */ = {
			isa = PBXGroup;
			children = (
			);
			path = Tab;
			sourceTree = "<group>";
		};
		2C6E44D72A0CD863009F2109 /* ViewController */ = {
			isa = PBXGroup;
			children = (
				2C6E44A12A0CD330009F2109 /* LoginViewController.swift */,
			);
			path = ViewController;
			sourceTree = "<group>";
		};
		2C6E44D82A0CD869009F2109 /* Reactor */ = {
			isa = PBXGroup;
			children = (
			);
			path = Reactor;
			sourceTree = "<group>";
		};
		2C6E44D92A0CD870009F2109 /* View */ = {
			isa = PBXGroup;
			children = (
			);
			path = View;
			sourceTree = "<group>";
		};
		2C6E44DA2A0CD875009F2109 /* Model */ = {
			isa = PBXGroup;
			children = (
			);
			path = Model;
			sourceTree = "<group>";
		};
/* End PBXGroup section */

/* Begin PBXNativeTarget section */
		2C6E44992A0CD330009F2109 /* capston-inu-iOS */ = {
			isa = PBXNativeTarget;
			buildConfigurationList = 2C6E44C72A0CD332009F2109 /* Build configuration list for PBXNativeTarget "capston-inu-iOS" */;
			buildPhases = (
				2C6E44962A0CD330009F2109 /* Sources */,
				2C6E44972A0CD330009F2109 /* Frameworks */,
				2C6E44982A0CD330009F2109 /* Resources */,
			);
			buildRules = (
			);
			dependencies = (
			);
			name = "capston-inu-iOS";
			productName = "capston-inu-iOS";
			productReference = 2C6E449A2A0CD330009F2109 /* capston-inu-iOS.app */;
			productType = "com.apple.product-type.application";
		};
		2C6E44B22A0CD332009F2109 /* capston-inu-iOSTests */ = {
			isa = PBXNativeTarget;
			buildConfigurationList = 2C6E44CA2A0CD332009F2109 /* Build configuration list for PBXNativeTarget "capston-inu-iOSTests" */;
			buildPhases = (
				2C6E44AF2A0CD332009F2109 /* Sources */,
				2C6E44B02A0CD332009F2109 /* Frameworks */,
				2C6E44B12A0CD332009F2109 /* Resources */,
			);
			buildRules = (
			);
			dependencies = (
				2C6E44B52A0CD332009F2109 /* PBXTargetDependency */,
			);
			name = "capston-inu-iOSTests";
			productName = "capston-inu-iOSTests";
			productReference = 2C6E44B32A0CD332009F2109 /* capston-inu-iOSTests.xctest */;
			productType = "com.apple.product-type.bundle.unit-test";
		};
		2C6E44BC2A0CD332009F2109 /* capston-inu-iOSUITests */ = {
			isa = PBXNativeTarget;
			buildConfigurationList = 2C6E44CD2A0CD332009F2109 /* Build configuration list for PBXNativeTarget "capston-inu-iOSUITests" */;
			buildPhases = (
				2C6E44B92A0CD332009F2109 /* Sources */,
				2C6E44BA2A0CD332009F2109 /* Frameworks */,
				2C6E44BB2A0CD332009F2109 /* Resources */,
			);
			buildRules = (
			);
			dependencies = (
				2C6E44BF2A0CD332009F2109 /* PBXTargetDependency */,
			);
			name = "capston-inu-iOSUITests";
			productName = "capston-inu-iOSUITests";
			productReference = 2C6E44BD2A0CD332009F2109 /* capston-inu-iOSUITests.xctest */;
			productType = "com.apple.product-type.bundle.ui-testing";
		};
/* End PBXNativeTarget section */

/* Begin PBXProject section */
		2C6E44922A0CD330009F2109 /* Project object */ = {
			isa = PBXProject;
			attributes = {
				BuildIndependentTargetsInParallel = 1;
				LastSwiftUpdateCheck = 1420;
				LastUpgradeCheck = 1420;
				TargetAttributes = {
					2C6E44992A0CD330009F2109 = {
						CreatedOnToolsVersion = 14.2;
					};
					2C6E44B22A0CD332009F2109 = {
						CreatedOnToolsVersion = 14.2;
						TestTargetID = 2C6E44992A0CD330009F2109;
					};
					2C6E44BC2A0CD332009F2109 = {
						CreatedOnToolsVersion = 14.2;
						TestTargetID = 2C6E44992A0CD330009F2109;
					};
				};
			};
			buildConfigurationList = 2C6E44952A0CD330009F2109 /* Build configuration list for PBXProject "capston-inu-iOS" */;
			compatibilityVersion = "Xcode 14.0";
			developmentRegion = en;
			hasScannedForEncodings = 0;
			knownRegions = (
				en,
				Base,
			);
			mainGroup = 2C6E44912A0CD330009F2109;
			productRefGroup = 2C6E449B2A0CD330009F2109 /* Products */;
			projectDirPath = "";
			projectRoot = "";
			targets = (
				2C6E44992A0CD330009F2109 /* capston-inu-iOS */,
				2C6E44B22A0CD332009F2109 /* capston-inu-iOSTests */,
				2C6E44BC2A0CD332009F2109 /* capston-inu-iOSUITests */,
			);
		};
/* End PBXProject section */

/* Begin PBXResourcesBuildPhase section */
		2C6E44982A0CD330009F2109 /* Resources */ = {
			isa = PBXResourcesBuildPhase;
			buildActionMask = 2147483647;
			files = (
				2C6E44AD2A0CD332009F2109 /* LaunchScreen.storyboard in Resources */,
				2C6E44AA2A0CD332009F2109 /* Assets.xcassets in Resources */,
			);
			runOnlyForDeploymentPostprocessing = 0;
		};
		2C6E44B12A0CD332009F2109 /* Resources */ = {
			isa = PBXResourcesBuildPhase;
			buildActionMask = 2147483647;
			files = (
			);
			runOnlyForDeploymentPostprocessing = 0;
		};
		2C6E44BB2A0CD332009F2109 /* Resources */ = {
			isa = PBXResourcesBuildPhase;
			buildActionMask = 2147483647;
			files = (
			);
			runOnlyForDeploymentPostprocessing = 0;
		};
/* End PBXResourcesBuildPhase section */

/* Begin PBXSourcesBuildPhase section */
		2C6E44962A0CD330009F2109 /* Sources */ = {
			isa = PBXSourcesBuildPhase;
			buildActionMask = 2147483647;
			files = (
				2C6E44A22A0CD330009F2109 /* LoginViewController.swift in Sources */,
				2C6E44A82A0CD330009F2109 /* capston_inu_iOS.xcdatamodeld in Sources */,
				2C6E449E2A0CD330009F2109 /* AppDelegate.swift in Sources */,
				2C6E44A02A0CD330009F2109 /* SceneDelegate.swift in Sources */,
			);
			runOnlyForDeploymentPostprocessing = 0;
		};
		2C6E44AF2A0CD332009F2109 /* Sources */ = {
			isa = PBXSourcesBuildPhase;
			buildActionMask = 2147483647;
			files = (
				2C6E44B82A0CD332009F2109 /* capston_inu_iOSTests.swift in Sources */,
			);
			runOnlyForDeploymentPostprocessing = 0;
		};
		2C6E44B92A0CD332009F2109 /* Sources */ = {
			isa = PBXSourcesBuildPhase;
			buildActionMask = 2147483647;
			files = (
				2C6E44C42A0CD332009F2109 /* capston_inu_iOSUITestsLaunchTests.swift in Sources */,
				2C6E44C22A0CD332009F2109 /* capston_inu_iOSUITests.swift in Sources */,
			);
			runOnlyForDeploymentPostprocessing = 0;
		};
/* End PBXSourcesBuildPhase section */

/* Begin PBXTargetDependency section */
		2C6E44B52A0CD332009F2109 /* PBXTargetDependency */ = {
			isa = PBXTargetDependency;
			target = 2C6E44992A0CD330009F2109 /* capston-inu-iOS */;
			targetProxy = 2C6E44B42A0CD332009F2109 /* PBXContainerItemProxy */;
		};
		2C6E44BF2A0CD332009F2109 /* PBXTargetDependency */ = {
			isa = PBXTargetDependency;
			target = 2C6E44992A0CD330009F2109 /* capston-inu-iOS */;
			targetProxy = 2C6E44BE2A0CD332009F2109 /* PBXContainerItemProxy */;
		};
/* End PBXTargetDependency section */

/* Begin PBXVariantGroup section */
		2C6E44AB2A0CD332009F2109 /* LaunchScreen.storyboard */ = {
			isa = PBXVariantGroup;
			children = (
				2C6E44AC2A0CD332009F2109 /* Base */,
			);
			name = LaunchScreen.storyboard;
			sourceTree = "<group>";
		};
/* End PBXVariantGroup section */

/* Begin XCBuildConfiguration section */
		2C6E44C52A0CD332009F2109 /* Debug */ = {
			isa = XCBuildConfiguration;
			buildSettings = {
				ALWAYS_SEARCH_USER_PATHS = NO;
				CLANG_ANALYZER_NONNULL = YES;
				CLANG_ANALYZER_NUMBER_OBJECT_CONVERSION = YES_AGGRESSIVE;
				CLANG_CXX_LANGUAGE_STANDARD = "gnu++20";
				CLANG_ENABLE_MODULES = YES;
				CLANG_ENABLE_OBJC_ARC = YES;
				CLANG_ENABLE_OBJC_WEAK = YES;
				CLANG_WARN_BLOCK_CAPTURE_AUTORELEASING = YES;
				CLANG_WARN_BOOL_CONVERSION = YES;
				CLANG_WARN_COMMA = YES;
				CLANG_WARN_CONSTANT_CONVERSION = YES;
				CLANG_WARN_DEPRECATED_OBJC_IMPLEMENTATIONS = YES;
				CLANG_WARN_DIRECT_OBJC_ISA_USAGE = YES_ERROR;
				CLANG_WARN_DOCUMENTATION_COMMENTS = YES;
				CLANG_WARN_EMPTY_BODY = YES;
				CLANG_WARN_ENUM_CONVERSION = YES;
				CLANG_WARN_INFINITE_RECURSION = YES;
				CLANG_WARN_INT_CONVERSION = YES;
				CLANG_WARN_NON_LITERAL_NULL_CONVERSION = YES;
				CLANG_WARN_OBJC_IMPLICIT_RETAIN_SELF = YES;
				CLANG_WARN_OBJC_LITERAL_CONVERSION = YES;
				CLANG_WARN_OBJC_ROOT_CLASS = YES_ERROR;
				CLANG_WARN_QUOTED_INCLUDE_IN_FRAMEWORK_HEADER = YES;
				CLANG_WARN_RANGE_LOOP_ANALYSIS = YES;
				CLANG_WARN_STRICT_PROTOTYPES = YES;
				CLANG_WARN_SUSPICIOUS_MOVE = YES;
				CLANG_WARN_UNGUARDED_AVAILABILITY = YES_AGGRESSIVE;
				CLANG_WARN_UNREACHABLE_CODE = YES;
				CLANG_WARN__DUPLICATE_METHOD_MATCH = YES;
				COPY_PHASE_STRIP = NO;
				DEBUG_INFORMATION_FORMAT = dwarf;
				ENABLE_STRICT_OBJC_MSGSEND = YES;
				ENABLE_TESTABILITY = YES;
				GCC_C_LANGUAGE_STANDARD = gnu11;
				GCC_DYNAMIC_NO_PIC = NO;
				GCC_NO_COMMON_BLOCKS = YES;
				GCC_OPTIMIZATION_LEVEL = 0;
				GCC_PREPROCESSOR_DEFINITIONS = (
					"DEBUG=1",
					"$(inherited)",
				);
				GCC_WARN_64_TO_32_BIT_CONVERSION = YES;
				GCC_WARN_ABOUT_RETURN_TYPE = YES_ERROR;
				GCC_WARN_UNDECLARED_SELECTOR = YES;
				GCC_WARN_UNINITIALIZED_AUTOS = YES_AGGRESSIVE;
				GCC_WARN_UNUSED_FUNCTION = YES;
				GCC_WARN_UNUSED_VARIABLE = YES;
				IPHONEOS_DEPLOYMENT_TARGET = 16.2;
				MTL_ENABLE_DEBUG_INFO = INCLUDE_SOURCE;
				MTL_FAST_MATH = YES;
				ONLY_ACTIVE_ARCH = YES;
				SDKROOT = iphoneos;
				SWIFT_ACTIVE_COMPILATION_CONDITIONS = DEBUG;
				SWIFT_OPTIMIZATION_LEVEL = "-Onone";
			};
			name = Debug;
		};
		2C6E44C62A0CD332009F2109 /* Release */ = {
			isa = XCBuildConfiguration;
			buildSettings = {
				ALWAYS_SEARCH_USER_PATHS = NO;
				CLANG_ANALYZER_NONNULL = YES;
				CLANG_ANALYZER_NUMBER_OBJECT_CONVERSION = YES_AGGRESSIVE;
				CLANG_CXX_LANGUAGE_STANDARD = "gnu++20";
				CLANG_ENABLE_MODULES = YES;
				CLANG_ENABLE_OBJC_ARC = YES;
				CLANG_ENABLE_OBJC_WEAK = YES;
				CLANG_WARN_BLOCK_CAPTURE_AUTORELEASING = YES;
				CLANG_WARN_BOOL_CONVERSION = YES;
				CLANG_WARN_COMMA = YES;
				CLANG_WARN_CONSTANT_CONVERSION = YES;
				CLANG_WARN_DEPRECATED_OBJC_IMPLEMENTATIONS = YES;
				CLANG_WARN_DIRECT_OBJC_ISA_USAGE = YES_ERROR;
				CLANG_WARN_DOCUMENTATION_COMMENTS = YES;
				CLANG_WARN_EMPTY_BODY = YES;
				CLANG_WARN_ENUM_CONVERSION = YES;
				CLANG_WARN_INFINITE_RECURSION = YES;
				CLANG_WARN_INT_CONVERSION = YES;
				CLANG_WARN_NON_LITERAL_NULL_CONVERSION = YES;
				CLANG_WARN_OBJC_IMPLICIT_RETAIN_SELF = YES;
				CLANG_WARN_OBJC_LITERAL_CONVERSION = YES;
				CLANG_WARN_OBJC_ROOT_CLASS = YES_ERROR;
				CLANG_WARN_QUOTED_INCLUDE_IN_FRAMEWORK_HEADER = YES;
				CLANG_WARN_RANGE_LOOP_ANALYSIS = YES;
				CLANG_WARN_STRICT_PROTOTYPES = YES;
				CLANG_WARN_SUSPICIOUS_MOVE = YES;
				CLANG_WARN_UNGUARDED_AVAILABILITY = YES_AGGRESSIVE;
				CLANG_WARN_UNREACHABLE_CODE = YES;
				CLANG_WARN__DUPLICATE_METHOD_MATCH = YES;
				COPY_PHASE_STRIP = NO;
				DEBUG_INFORMATION_FORMAT = "dwarf-with-dsym";
				ENABLE_NS_ASSERTIONS = NO;
				ENABLE_STRICT_OBJC_MSGSEND = YES;
				GCC_C_LANGUAGE_STANDARD = gnu11;
				GCC_NO_COMMON_BLOCKS = YES;
				GCC_WARN_64_TO_32_BIT_CONVERSION = YES;
				GCC_WARN_ABOUT_RETURN_TYPE = YES_ERROR;
				GCC_WARN_UNDECLARED_SELECTOR = YES;
				GCC_WARN_UNINITIALIZED_AUTOS = YES_AGGRESSIVE;
				GCC_WARN_UNUSED_FUNCTION = YES;
				GCC_WARN_UNUSED_VARIABLE = YES;
				IPHONEOS_DEPLOYMENT_TARGET = 16.2;
				MTL_ENABLE_DEBUG_INFO = NO;
				MTL_FAST_MATH = YES;
				SDKROOT = iphoneos;
				SWIFT_COMPILATION_MODE = wholemodule;
				SWIFT_OPTIMIZATION_LEVEL = "-O";
				VALIDATE_PRODUCT = YES;
			};
			name = Release;
		};
		2C6E44C82A0CD332009F2109 /* Debug */ = {
			isa = XCBuildConfiguration;
			buildSettings = {
				ASSETCATALOG_COMPILER_APPICON_NAME = AppIcon;
				ASSETCATALOG_COMPILER_GLOBAL_ACCENT_COLOR_NAME = AccentColor;
				CODE_SIGN_STYLE = Automatic;
				CURRENT_PROJECT_VERSION = 1;
				DEVELOPMENT_TEAM = 899UYL8QU3;
				GENERATE_INFOPLIST_FILE = YES;
				INFOPLIST_FILE = "capston-inu-iOS/Info.plist";
				INFOPLIST_KEY_UIApplicationSupportsIndirectInputEvents = YES;
				INFOPLIST_KEY_UILaunchStoryboardName = LaunchScreen;
				INFOPLIST_KEY_UISupportedInterfaceOrientations_iPad = "UIInterfaceOrientationPortrait UIInterfaceOrientationPortraitUpsideDown UIInterfaceOrientationLandscapeLeft UIInterfaceOrientationLandscapeRight";
				INFOPLIST_KEY_UISupportedInterfaceOrientations_iPhone = "UIInterfaceOrientationPortrait UIInterfaceOrientationLandscapeLeft UIInterfaceOrientationLandscapeRight";
				LD_RUNPATH_SEARCH_PATHS = (
					"$(inherited)",
					"@executable_path/Frameworks",
				);
				MARKETING_VERSION = 1.0;
				PRODUCT_BUNDLE_IDENTIFIER = "com.hyungyu.capston-inu-iOS";
				PRODUCT_NAME = "$(TARGET_NAME)";
				SWIFT_EMIT_LOC_STRINGS = YES;
				SWIFT_VERSION = 5.0;
				TARGETED_DEVICE_FAMILY = "1,2";
			};
			name = Debug;
		};
		2C6E44C92A0CD332009F2109 /* Release */ = {
			isa = XCBuildConfiguration;
			buildSettings = {
				ASSETCATALOG_COMPILER_APPICON_NAME = AppIcon;
				ASSETCATALOG_COMPILER_GLOBAL_ACCENT_COLOR_NAME = AccentColor;
				CODE_SIGN_STYLE = Automatic;
				CURRENT_PROJECT_VERSION = 1;
				DEVELOPMENT_TEAM = 899UYL8QU3;
				GENERATE_INFOPLIST_FILE = YES;
				INFOPLIST_FILE = "capston-inu-iOS/Info.plist";
				INFOPLIST_KEY_UIApplicationSupportsIndirectInputEvents = YES;
				INFOPLIST_KEY_UILaunchStoryboardName = LaunchScreen;
				INFOPLIST_KEY_UISupportedInterfaceOrientations_iPad = "UIInterfaceOrientationPortrait UIInterfaceOrientationPortraitUpsideDown UIInterfaceOrientationLandscapeLeft UIInterfaceOrientationLandscapeRight";
				INFOPLIST_KEY_UISupportedInterfaceOrientations_iPhone = "UIInterfaceOrientationPortrait UIInterfaceOrientationLandscapeLeft UIInterfaceOrientationLandscapeRight";
				LD_RUNPATH_SEARCH_PATHS = (
					"$(inherited)",
					"@executable_path/Frameworks",
				);
				MARKETING_VERSION = 1.0;
				PRODUCT_BUNDLE_IDENTIFIER = "com.hyungyu.capston-inu-iOS";
				PRODUCT_NAME = "$(TARGET_NAME)";
				SWIFT_EMIT_LOC_STRINGS = YES;
				SWIFT_VERSION = 5.0;
				TARGETED_DEVICE_FAMILY = "1,2";
			};
			name = Release;
		};
		2C6E44CB2A0CD332009F2109 /* Debug */ = {
			isa = XCBuildConfiguration;
			buildSettings = {
				ALWAYS_EMBED_SWIFT_STANDARD_LIBRARIES = YES;
				BUNDLE_LOADER = "$(TEST_HOST)";
				CODE_SIGN_STYLE = Automatic;
				CURRENT_PROJECT_VERSION = 1;
				DEVELOPMENT_TEAM = 899UYL8QU3;
				GENERATE_INFOPLIST_FILE = YES;
				IPHONEOS_DEPLOYMENT_TARGET = 16.2;
				MARKETING_VERSION = 1.0;
				PRODUCT_BUNDLE_IDENTIFIER = "com.hyungyu.capston-inu-iOSTests";
				PRODUCT_NAME = "$(TARGET_NAME)";
				SWIFT_EMIT_LOC_STRINGS = NO;
				SWIFT_VERSION = 5.0;
				TARGETED_DEVICE_FAMILY = "1,2";
				TEST_HOST = "$(BUILT_PRODUCTS_DIR)/capston-inu-iOS.app/$(BUNDLE_EXECUTABLE_FOLDER_PATH)/capston-inu-iOS";
			};
			name = Debug;
		};
		2C6E44CC2A0CD332009F2109 /* Release */ = {
			isa = XCBuildConfiguration;
			buildSettings = {
				ALWAYS_EMBED_SWIFT_STANDARD_LIBRARIES = YES;
				BUNDLE_LOADER = "$(TEST_HOST)";
				CODE_SIGN_STYLE = Automatic;
				CURRENT_PROJECT_VERSION = 1;
				DEVELOPMENT_TEAM = 899UYL8QU3;
				GENERATE_INFOPLIST_FILE = YES;
				IPHONEOS_DEPLOYMENT_TARGET = 16.2;
				MARKETING_VERSION = 1.0;
				PRODUCT_BUNDLE_IDENTIFIER = "com.hyungyu.capston-inu-iOSTests";
				PRODUCT_NAME = "$(TARGET_NAME)";
				SWIFT_EMIT_LOC_STRINGS = NO;
				SWIFT_VERSION = 5.0;
				TARGETED_DEVICE_FAMILY = "1,2";
				TEST_HOST = "$(BUILT_PRODUCTS_DIR)/capston-inu-iOS.app/$(BUNDLE_EXECUTABLE_FOLDER_PATH)/capston-inu-iOS";
			};
			name = Release;
		};
		2C6E44CE2A0CD332009F2109 /* Debug */ = {
			isa = XCBuildConfiguration;
			buildSettings = {
				ALWAYS_EMBED_SWIFT_STANDARD_LIBRARIES = YES;
				CODE_SIGN_STYLE = Automatic;
				CURRENT_PROJECT_VERSION = 1;
				DEVELOPMENT_TEAM = 899UYL8QU3;
				GENERATE_INFOPLIST_FILE = YES;
				MARKETING_VERSION = 1.0;
				PRODUCT_BUNDLE_IDENTIFIER = "com.hyungyu.capston-inu-iOSUITests";
				PRODUCT_NAME = "$(TARGET_NAME)";
				SWIFT_EMIT_LOC_STRINGS = NO;
				SWIFT_VERSION = 5.0;
				TARGETED_DEVICE_FAMILY = "1,2";
				TEST_TARGET_NAME = "capston-inu-iOS";
			};
			name = Debug;
		};
		2C6E44CF2A0CD332009F2109 /* Release */ = {
			isa = XCBuildConfiguration;
			buildSettings = {
				ALWAYS_EMBED_SWIFT_STANDARD_LIBRARIES = YES;
				CODE_SIGN_STYLE = Automatic;
				CURRENT_PROJECT_VERSION = 1;
				DEVELOPMENT_TEAM = 899UYL8QU3;
				GENERATE_INFOPLIST_FILE = YES;
				MARKETING_VERSION = 1.0;
				PRODUCT_BUNDLE_IDENTIFIER = "com.hyungyu.capston-inu-iOSUITests";
				PRODUCT_NAME = "$(TARGET_NAME)";
				SWIFT_EMIT_LOC_STRINGS = NO;
				SWIFT_VERSION = 5.0;
				TARGETED_DEVICE_FAMILY = "1,2";
				TEST_TARGET_NAME = "capston-inu-iOS";
			};
			name = Release;
		};
/* End XCBuildConfiguration section */

/* Begin XCConfigurationList section */
		2C6E44952A0CD330009F2109 /* Build configuration list for PBXProject "capston-inu-iOS" */ = {
			isa = XCConfigurationList;
			buildConfigurations = (
				2C6E44C52A0CD332009F2109 /* Debug */,
				2C6E44C62A0CD332009F2109 /* Release */,
			);
			defaultConfigurationIsVisible = 0;
			defaultConfigurationName = Release;
		};
		2C6E44C72A0CD332009F2109 /* Build configuration list for PBXNativeTarget "capston-inu-iOS" */ = {
			isa = XCConfigurationList;
			buildConfigurations = (
				2C6E44C82A0CD332009F2109 /* Debug */,
				2C6E44C92A0CD332009F2109 /* Release */,
			);
			defaultConfigurationIsVisible = 0;
			defaultConfigurationName = Release;
		};
		2C6E44CA2A0CD332009F2109 /* Build configuration list for PBXNativeTarget "capston-inu-iOSTests" */ = {
			isa = XCConfigurationList;
			buildConfigurations = (
				2C6E44CB2A0CD332009F2109 /* Debug */,
				2C6E44CC2A0CD332009F2109 /* Release */,
			);
			defaultConfigurationIsVisible = 0;
			defaultConfigurationName = Release;
		};
		2C6E44CD2A0CD332009F2109 /* Build configuration list for PBXNativeTarget "capston-inu-iOSUITests" */ = {
			isa = XCConfigurationList;
			buildConfigurations = (
				2C6E44CE2A0CD332009F2109 /* Debug */,
				2C6E44CF2A0CD332009F2109 /* Release */,
			);
			defaultConfigurationIsVisible = 0;
			defaultConfigurationName = Release;
		};
/* End XCConfigurationList section */

/* Begin XCVersionGroup section */
		2C6E44A62A0CD330009F2109 /* capston_inu_iOS.xcdatamodeld */ = {
			isa = XCVersionGroup;
			children = (
				2C6E44A72A0CD330009F2109 /* capston_inu_iOS.xcdatamodel */,
			);
			currentVersion = 2C6E44A72A0CD330009F2109 /* capston_inu_iOS.xcdatamodel */;
			path = capston_inu_iOS.xcdatamodeld;
			sourceTree = "<group>";
			versionGroupType = wrapper.xcdatamodel;
		};
/* End XCVersionGroup section */
	};
	rootObject = 2C6E44922A0CD330009F2109 /* Project object */;
}
