PODS:
  - Alamofire (5.6.4)
  - AppAuth (1.6.0):
    - AppAuth/Core (= 1.6.0)
    - AppAuth/ExternalUserAgent (= 1.6.0)
  - AppAuth/Core (1.6.0)
  - AppAuth/ExternalUserAgent (1.6.0):
    - AppAuth/Core
  - Differentiator (5.0.0)
  - FloatingPanel (2.6.1)
  - GoogleSignIn (7.0.0):
    - AppAuth (~> 1.5)
    - GTMAppAuth (< 3.0, >= 1.3)
    - GTMSessionFetcher/Core (< 4.0, >= 1.1)
  - GTMAppAuth (2.0.0):
    - AppAuth/Core (~> 1.6)
    - GTMSessionFetcher/Core (< 4.0, >= 1.5)
  - GTMSessionFetcher/Core (3.1.0)
  - Kingfisher (7.5.0)
  - ReactorKit (3.2.0):
    - RxSwift (~> 6.0)
    - WeakMapTable (~> 1.1)
  - RxAppState (1.7.1):
    - RxCocoa (~> 6.2)
    - RxSwift (~> 6.2)
  - RxCocoa (6.5.0):
    - RxRelay (= 6.5.0)
    - RxSwift (= 6.5.0)
  - RxDataSources (5.0.0):
    - Differentiator (~> 5.0)
    - RxCocoa (~> 6.0)
    - RxSwift (~> 6.0)
  - RxRelay (6.5.0):
    - RxSwift (= 6.5.0)
  - RxSwift (6.5.0)
  - SnapKit (5.6.0)
  - WeakMapTable (1.2.0)

DEPENDENCIES:
  - Alamofire
  - FloatingPanel
  - GoogleSignIn
  - Kingfisher
  - ReactorKit
  - RxAppState
  - RxCocoa
  - RxDataSources
  - RxSwift
  - SnapKit

SPEC REPOS:
  trunk:
    - Alamofire
    - AppAuth
    - Differentiator
    - FloatingPanel
    - GoogleSignIn
    - GTMAppAuth
    - GTMSessionFetcher
    - Kingfisher
    - ReactorKit
    - RxAppState
    - RxCocoa
    - RxDataSources
    - RxRelay
    - RxSwift
    - SnapKit
    - WeakMapTable

SPEC CHECKSUMS:
  Alamofire: 4e95d97098eacb88856099c4fc79b526a299e48c
  AppAuth: 8fca6b5563a5baef2c04bee27538025e4ceb2add
  Differentiator: e8497ceab83c1b10ca233716d547b9af21b9344d
  FloatingPanel: de6bb891912ede28da7b1140f7b583c474fec28a
  GoogleSignIn: b232380cf495a429b8095d3178a8d5855b42e842
  GTMAppAuth: 99fb010047ba3973b7026e45393f51f27ab965ae
  GTMSessionFetcher: c9e714f7eec91a55641e2bab9f45fd83a219b882
  Kingfisher: b9c2a4a4af2990a768445c277359b27bde287d71
  ReactorKit: e8b11d6b9c415405f381669b095c154a05b59eca
  RxAppState: 9c34f951d4ff8b9034f84016fe766202365bceb2
  RxCocoa: 94f817b71c07517321eb4f9ad299112ca8af743b
  RxDataSources: aa47cc1ed6c500fa0dfecac5c979b723542d79cf
  RxRelay: 1de1523e604c72b6c68feadedd1af3b1b4d0ecbd
  RxSwift: 5710a9e6b17f3c3d6e40d6e559b9fa1e813b2ef8
  SnapKit: e01d52ebb8ddbc333eefe2132acf85c8227d9c25
  WeakMapTable: 05c694ce8439a7a9ebabb56187287a63c57673d6

PODFILE CHECKSUM: 850d5942a6d5528df70c19b8e9ed315592253caf

COCOAPODS: 1.11.3
